version = 1
revision = 3
requires-python = ">=3.11"

[[package]]
name = "gludd-profile-vmware"
version = "0"
source = { virtual = "." }
dependencies = [
    { name = "pyvmomi" },
]

[package.metadata]
requires-dist = [{ name = "pyvmomi", specifier = ">=8.0.0" }]

[[package]]
name = "pyvmomi"
version = "9.1.1.0"
source = { registry = "https://pypi.org/simple" }
wheels = [
    { url = "https://files.pythonhosted.org/packages/e0/18/044c8a0c8f6ac16642e65f4fac19653291c7f6c5ab61a3734c9f6066a87b/pyvmomi-9.1.1.0-py3-none-any.whl", hash = "sha256:76af3cba85573769daf4e6760aace32e7af34e1bbf343895b8c4798b6bc0e2d2", size = 557324, upload-time = "2026-09-03T11:42:04.524Z" },
]
